
Microsoft Visual Studio Solution File, Format Version 12.00
# Visual Studio Version 17
VisualStudioVersion = 17.14.36202.13
MinimumVisualStudioVersion = 10.0.40219.1
Project("{FAE04EC0-301F-11D3-BF4B-00C04F79EFBC}") = "MKW", "MKW\MKW.csproj", "{F8191070-A372-4AC6-8E2B-344C84B800D2}"
EndProject
Project("{2150E333-8FDC-42A3-9474-1A3956D46DE8}") = "Solution Items", "Solution Items", "{8EC462FD-D22E-90A8-E5CE-7E832BA40C5D}"
	ProjectSection(SolutionItems) = preProject
		.editorconfig = .editorconfig
		CHANGELOG.md = CHANGELOG.md
		Directory.build.props = Directory.build.props
		Directory.build.targets = Directory.build.targets
		README.md = README.md
		TODO.md = TODO.md
		Version.props = Version.props
	EndProjectSection
EndProject
Project("{FAE04EC0-301F-11D3-BF4B-00C04F79EFBC}") = "MKW.Tests", "MKW.Tests\MKW.Tests.csproj", "{DE1CDADB-243C-41E5-84BA-11A721525FC7}"
EndProject
Project("{FAE04EC0-301F-11D3-BF4B-00C04F79EFBC}") = "MKW.Core.Storage", "MKW.Core.Storage\MKW.Core.Storage.csproj", "{96469AF1-D622-4991-B4F5-75B659E9F2D9}"
EndProject
Project("{FAE04EC0-301F-11D3-BF4B-00C04F79EFBC}") = "MKW.Core.Storage.JSON", "MKW.Core.Storage.JSON\MKW.Core.Storage.JSON.csproj", "{3A2A0F6A-F25C-4C4F-825C-33FA4F145EE6}"
EndProject
Project("{FAE04EC0-301F-11D3-BF4B-00C04F79EFBC}") = "MKW.Core.Cryptography", "MKW.Core.Cryptography\MKW.Core.Cryptography.csproj", "{B36223C6-6773-4DFB-838B-558378860BC1}"
EndProject
Project("{2150E333-8FDC-42A3-9474-1A3956D46DE8}") = "GitHub Workflows", "GitHub Workflows", "{02EA681E-C7D8-13C7-8484-4AC65E1B71E8}"
	ProjectSection(SolutionItems) = preProject
		.github\workflows\build.yml = .github\workflows\build.yml
		.github\dependabot.yml = .github\dependabot.yml
		.github\workflows\release.yml = .github\workflows\release.yml
	EndProjectSection
EndProject
Project("{FAE04EC0-301F-11D3-BF4B-00C04F79EFBC}") = "MKW.GUI", "MKW.GUI\MKW.GUI.csproj", "{6A4CF070-6259-A7C8-3069-05042086E067}"
EndProject
Project("{FAE04EC0-301F-11D3-BF4B-00C04F79EFBC}") = "MKW.GUI.Tests", "MKW.GUI.Tests\MKW.GUI.Tests.csproj", "{F2D15BB4-681A-4AEF-A483-E8AA2194F329}"
EndProject
Project("{FAE04EC0-301F-11D3-BF4B-00C04F79EFBC}") = "MKW.GUI.Images", "MKW.GUI.Images\MKW.GUI.Images.csproj", "{F08F104F-A97D-266A-4420-53A91B919C8C}"
EndProject
Project("{FAE04EC0-301F-11D3-BF4B-00C04F79EFBC}") = "MKW.Core.Client", "MKW.Core.Client\MKW.Core.Client.csproj", "{FB16BEC0-7488-6F8D-9EC3-B713D3401731}"
EndProject
Project("{FAE04EC0-301F-11D3-BF4B-00C04F79EFBC}") = "MKW.Core.Common", "MKW.Core.Common\MKW.Core.Common.csproj", "{96C73D4C-3EF8-40C0-A40A-AE40DA2F44E7}"
EndProject
Project("{FAE04EC0-301F-11D3-BF4B-00C04F79EFBC}") = "MKW.Core.Common.Tests", "MKW.Core.Common.Tests\MKW.Core.Common.Tests.csproj", "{32B18A40-3E27-4ECE-ADD1-EBF585CFB3D3}"
EndProject
Project("{FAE04EC0-301F-11D3-BF4B-00C04F79EFBC}") = "MKW.Core.Editor", "MKW.Core.Editor\MKW.Core.Editor.csproj", "{78F8D465-76B5-49A9-ABE7-4C04B8F46DED}"
EndProject
Project("{FAE04EC0-301F-11D3-BF4B-00C04F79EFBC}") = "MKW.Core.Editor.Tests", "MKW.Core.Editor.Tests\MKW.Core.Editor.Tests.csproj", "{F08B992B-D9CE-4F8A-8450-E4CBFA1FF881}"
EndProject
Project("{FAE04EC0-301F-11D3-BF4B-00C04F79EFBC}") = "MKW.Core.Cryptography.System", "MKW.Core.Cryptography.System\MKW.Core.Cryptography.System.csproj", "{D81BFC5C-5107-484E-A5FE-C34971D6CCAA}"
EndProject
Project("{FAE04EC0-301F-11D3-BF4B-00C04F79EFBC}") = "MKW.Core.Cryptography.Tests", "MKW.Core.Cryptography.Tests\MKW.Core.Cryptography.Tests.csproj", "{E9C3A932-D1A9-46CC-85D4-37DEAC99168B}"
EndProject
Project("{FAE04EC0-301F-11D3-BF4B-00C04F79EFBC}") = "MKW.Core.Cryptography.BouncyCastle", "MKW.Core.Cryptography.BouncyCastle\MKW.Core.Cryptography.BouncyCastle.csproj", "{C2994800-5807-42F7-B577-7BD9A1D9211F}"
EndProject
Project("{D954291E-2A0B-460D-934E-DC6B0785DB48}") = "MKW.Core.Common.NETFramework", "MKW.Core.Common.NETFramework\MKW.Core.Common.NETFramework.shproj", "{3D0581D4-05D7-463C-A3C0-59BB64CE4691}"
EndProject
Project("{D954291E-2A0B-460D-934E-DC6B0785DB48}") = "MKW.Core.Cryptography.BouncyCastle.NETFramework", "MKW.Core.Cryptography.BouncyCastle.NETFramework\MKW.Core.Cryptography.BouncyCastle.NETFramework.shproj", "{076FEE77-D5C9-499C-9615-1947517E5F17}"
EndProject
Project("{FAE04EC0-301F-11D3-BF4B-00C04F79EFBC}") = "MKW.Core.Cryptography.Loader", "MKW.Core.Cryptography.Loader\MKW.Core.Cryptography.Loader.csproj", "{5195F33F-E028-46FA-8992-3AE60B7D42E1}"
EndProject
Project("{FAE04EC0-301F-11D3-BF4B-00C04F79EFBC}") = "MKW.Testing.Common", "MKW.Testing.Common\MKW.Testing.Common.csproj", "{0B34C67C-FFF0-4E84-BF19-91641C35ACD4}"
EndProject
Project("{FAE04EC0-301F-11D3-BF4B-00C04F79EFBC}") = "MKW.Testing.Client", "MKW.Testing.Client\MKW.Testing.Client.csproj", "{96876832-4A53-4441-96FB-A4D4C5957A75}"
EndProject
Project("{FAE04EC0-301F-11D3-BF4B-00C04F79EFBC}") = "MKW.CommandLine.Tests", "MKW.CommandLine.Tests\MKW.CommandLine.Tests.csproj", "{D66752BD-AC41-49DF-ABE9-54B74AAFC1B5}"
EndProject
Project("{2150E333-8FDC-42A3-9474-1A3956D46DE8}") = "docs", "docs", "{E556B0CE-0BB8-486A-B8D3-54D956676578}"
EndProject
Global
	GlobalSection(SolutionConfigurationPlatforms) = preSolution
		Debug|Any CPU = Debug|Any CPU
		Release|Any CPU = Release|Any CPU
	EndGlobalSection
	GlobalSection(ProjectConfigurationPlatforms) = postSolution
		{F8191070-A372-4AC6-8E2B-344C84B800D2}.Debug|Any CPU.ActiveCfg = Debug|Any CPU
		{F8191070-A372-4AC6-8E2B-344C84B800D2}.Debug|Any CPU.Build.0 = Debug|Any CPU
		{F8191070-A372-4AC6-8E2B-344C84B800D2}.Release|Any CPU.ActiveCfg = Release|Any CPU
		{F8191070-A372-4AC6-8E2B-344C84B800D2}.Release|Any CPU.Build.0 = Release|Any CPU
		{DE1CDADB-243C-41E5-84BA-11A721525FC7}.Debug|Any CPU.ActiveCfg = Debug|Any CPU
		{DE1CDADB-243C-41E5-84BA-11A721525FC7}.Debug|Any CPU.Build.0 = Debug|Any CPU
		{DE1CDADB-243C-41E5-84BA-11A721525FC7}.Release|Any CPU.ActiveCfg = Release|Any CPU
		{DE1CDADB-243C-41E5-84BA-11A721525FC7}.Release|Any CPU.Build.0 = Release|Any CPU
		{96469AF1-D622-4991-B4F5-75B659E9F2D9}.Debug|Any CPU.ActiveCfg = Debug|Any CPU
		{96469AF1-D622-4991-B4F5-75B659E9F2D9}.Debug|Any CPU.Build.0 = Debug|Any CPU
		{96469AF1-D622-4991-B4F5-75B659E9F2D9}.Release|Any CPU.ActiveCfg = Release|Any CPU
		{96469AF1-D622-4991-B4F5-75B659E9F2D9}.Release|Any CPU.Build.0 = Release|Any CPU
		{3A2A0F6A-F25C-4C4F-825C-33FA4F145EE6}.Debug|Any CPU.ActiveCfg = Debug|Any CPU
		{3A2A0F6A-F25C-4C4F-825C-33FA4F145EE6}.Debug|Any CPU.Build.0 = Debug|Any CPU
		{3A2A0F6A-F25C-4C4F-825C-33FA4F145EE6}.Release|Any CPU.ActiveCfg = Release|Any CPU
		{3A2A0F6A-F25C-4C4F-825C-33FA4F145EE6}.Release|Any CPU.Build.0 = Release|Any CPU
		{B36223C6-6773-4DFB-838B-558378860BC1}.Debug|Any CPU.ActiveCfg = Debug|Any CPU
		{B36223C6-6773-4DFB-838B-558378860BC1}.Debug|Any CPU.Build.0 = Debug|Any CPU
		{B36223C6-6773-4DFB-838B-558378860BC1}.Release|Any CPU.ActiveCfg = Release|Any CPU
		{B36223C6-6773-4DFB-838B-558378860BC1}.Release|Any CPU.Build.0 = Release|Any CPU
		{6A4CF070-6259-A7C8-3069-05042086E067}.Debug|Any CPU.ActiveCfg = Debug|Any CPU
		{6A4CF070-6259-A7C8-3069-05042086E067}.Debug|Any CPU.Build.0 = Debug|Any CPU
		{6A4CF070-6259-A7C8-3069-05042086E067}.Release|Any CPU.ActiveCfg = Release|Any CPU
		{6A4CF070-6259-A7C8-3069-05042086E067}.Release|Any CPU.Build.0 = Release|Any CPU
		{F2D15BB4-681A-4AEF-A483-E8AA2194F329}.Debug|Any CPU.ActiveCfg = Debug|Any CPU
		{F2D15BB4-681A-4AEF-A483-E8AA2194F329}.Debug|Any CPU.Build.0 = Debug|Any CPU
		{F2D15BB4-681A-4AEF-A483-E8AA2194F329}.Release|Any CPU.ActiveCfg = Release|Any CPU
		{F2D15BB4-681A-4AEF-A483-E8AA2194F329}.Release|Any CPU.Build.0 = Release|Any CPU
		{F08F104F-A97D-266A-4420-53A91B919C8C}.Debug|Any CPU.ActiveCfg = Debug|Any CPU
		{F08F104F-A97D-266A-4420-53A91B919C8C}.Debug|Any CPU.Build.0 = Debug|Any CPU
		{F08F104F-A97D-266A-4420-53A91B919C8C}.Release|Any CPU.ActiveCfg = Release|Any CPU
		{F08F104F-A97D-266A-4420-53A91B919C8C}.Release|Any CPU.Build.0 = Release|Any CPU
		{FB16BEC0-7488-6F8D-9EC3-B713D3401731}.Debug|Any CPU.ActiveCfg = Debug|Any CPU
		{FB16BEC0-7488-6F8D-9EC3-B713D3401731}.Debug|Any CPU.Build.0 = Debug|Any CPU
		{FB16BEC0-7488-6F8D-9EC3-B713D3401731}.Release|Any CPU.ActiveCfg = Release|Any CPU
		{FB16BEC0-7488-6F8D-9EC3-B713D3401731}.Release|Any CPU.Build.0 = Release|Any CPU
		{96C73D4C-3EF8-40C0-A40A-AE40DA2F44E7}.Debug|Any CPU.ActiveCfg = Debug|Any CPU
		{96C73D4C-3EF8-40C0-A40A-AE40DA2F44E7}.Debug|Any CPU.Build.0 = Debug|Any CPU
		{96C73D4C-3EF8-40C0-A40A-AE40DA2F44E7}.Release|Any CPU.ActiveCfg = Release|Any CPU
		{96C73D4C-3EF8-40C0-A40A-AE40DA2F44E7}.Release|Any CPU.Build.0 = Release|Any CPU
		{32B18A40-3E27-4ECE-ADD1-EBF585CFB3D3}.Debug|Any CPU.ActiveCfg = Debug|Any CPU
		{32B18A40-3E27-4ECE-ADD1-EBF585CFB3D3}.Debug|Any CPU.Build.0 = Debug|Any CPU
		{32B18A40-3E27-4ECE-ADD1-EBF585CFB3D3}.Release|Any CPU.ActiveCfg = Release|Any CPU
		{32B18A40-3E27-4ECE-ADD1-EBF585CFB3D3}.Release|Any CPU.Build.0 = Release|Any CPU
		{78F8D465-76B5-49A9-ABE7-4C04B8F46DED}.Debug|Any CPU.ActiveCfg = Debug|Any CPU
		{78F8D465-76B5-49A9-ABE7-4C04B8F46DED}.Debug|Any CPU.Build.0 = Debug|Any CPU
		{78F8D465-76B5-49A9-ABE7-4C04B8F46DED}.Release|Any CPU.ActiveCfg = Release|Any CPU
		{78F8D465-76B5-49A9-ABE7-4C04B8F46DED}.Release|Any CPU.Build.0 = Release|Any CPU
		{F08B992B-D9CE-4F8A-8450-E4CBFA1FF881}.Debug|Any CPU.ActiveCfg = Debug|Any CPU
		{F08B992B-D9CE-4F8A-8450-E4CBFA1FF881}.Debug|Any CPU.Build.0 = Debug|Any CPU
		{F08B992B-D9CE-4F8A-8450-E4CBFA1FF881}.Release|Any CPU.ActiveCfg = Release|Any CPU
		{F08B992B-D9CE-4F8A-8450-E4CBFA1FF881}.Release|Any CPU.Build.0 = Release|Any CPU
		{D81BFC5C-5107-484E-A5FE-C34971D6CCAA}.Debug|Any CPU.ActiveCfg = Debug|Any CPU
		{D81BFC5C-5107-484E-A5FE-C34971D6CCAA}.Debug|Any CPU.Build.0 = Debug|Any CPU
		{D81BFC5C-5107-484E-A5FE-C34971D6CCAA}.Release|Any CPU.ActiveCfg = Release|Any CPU
		{D81BFC5C-5107-484E-A5FE-C34971D6CCAA}.Release|Any CPU.Build.0 = Release|Any CPU
		{E9C3A932-D1A9-46CC-85D4-37DEAC99168B}.Debug|Any CPU.ActiveCfg = Debug|Any CPU
		{E9C3A932-D1A9-46CC-85D4-37DEAC99168B}.Debug|Any CPU.Build.0 = Debug|Any CPU
		{E9C3A932-D1A9-46CC-85D4-37DEAC99168B}.Release|Any CPU.ActiveCfg = Release|Any CPU
		{E9C3A932-D1A9-46CC-85D4-37DEAC99168B}.Release|Any CPU.Build.0 = Release|Any CPU
		{C2994800-5807-42F7-B577-7BD9A1D9211F}.Debug|Any CPU.ActiveCfg = Debug|Any CPU
		{C2994800-5807-42F7-B577-7BD9A1D9211F}.Debug|Any CPU.Build.0 = Debug|Any CPU
		{C2994800-5807-42F7-B577-7BD9A1D9211F}.Release|Any CPU.ActiveCfg = Release|Any CPU
		{C2994800-5807-42F7-B577-7BD9A1D9211F}.Release|Any CPU.Build.0 = Release|Any CPU
		{5195F33F-E028-46FA-8992-3AE60B7D42E1}.Debug|Any CPU.ActiveCfg = Debug|Any CPU
		{5195F33F-E028-46FA-8992-3AE60B7D42E1}.Debug|Any CPU.Build.0 = Debug|Any CPU
		{5195F33F-E028-46FA-8992-3AE60B7D42E1}.Release|Any CPU.ActiveCfg = Release|Any CPU
		{5195F33F-E028-46FA-8992-3AE60B7D42E1}.Release|Any CPU.Build.0 = Release|Any CPU
		{0B34C67C-FFF0-4E84-BF19-91641C35ACD4}.Debug|Any CPU.ActiveCfg = Debug|Any CPU
		{0B34C67C-FFF0-4E84-BF19-91641C35ACD4}.Debug|Any CPU.Build.0 = Debug|Any CPU
		{0B34C67C-FFF0-4E84-BF19-91641C35ACD4}.Release|Any CPU.ActiveCfg = Release|Any CPU
		{0B34C67C-FFF0-4E84-BF19-91641C35ACD4}.Release|Any CPU.Build.0 = Release|Any CPU
		{96876832-4A53-4441-96FB-A4D4C5957A75}.Debug|Any CPU.ActiveCfg = Debug|Any CPU
		{96876832-4A53-4441-96FB-A4D4C5957A75}.Debug|Any CPU.Build.0 = Debug|Any CPU
		{96876832-4A53-4441-96FB-A4D4C5957A75}.Release|Any CPU.ActiveCfg = Release|Any CPU
		{96876832-4A53-4441-96FB-A4D4C5957A75}.Release|Any CPU.Build.0 = Release|Any CPU
		{D66752BD-AC41-49DF-ABE9-54B74AAFC1B5}.Debug|Any CPU.ActiveCfg = Debug|Any CPU
		{D66752BD-AC41-49DF-ABE9-54B74AAFC1B5}.Debug|Any CPU.Build.0 = Debug|Any CPU
		{D66752BD-AC41-49DF-ABE9-54B74AAFC1B5}.Release|Any CPU.ActiveCfg = Release|Any CPU
		{D66752BD-AC41-49DF-ABE9-54B74AAFC1B5}.Release|Any CPU.Build.0 = Release|Any CPU
	EndGlobalSection
	GlobalSection(SolutionProperties) = preSolution
		HideSolutionNode = FALSE
	EndGlobalSection
	GlobalSection(ExtensibilityGlobals) = postSolution
		VisualSVNWorkingCopyRoot = .
		SolutionGuid = {E27DAC7F-F638-4B1A-B5E0-C67658D3B524}
	EndGlobalSection
	GlobalSection(SharedMSBuildProjectFiles) = preSolution
		MKW.Core.Cryptography.BouncyCastle.NETFramework\MKW.Core.Cryptography.BouncyCastle.NETFramework.projitems*{076fee77-d5c9-499c-9615-1947517e5f17}*SharedItemsImports = 13
		MKW.Core.Common.NETFramework\MKW.Core.Common.NETFramework.projitems*{3d0581d4-05d7-463c-a3c0-59bb64ce4691}*SharedItemsImports = 13
		MKW.Core.Cryptography.BouncyCastle.NETFramework\MKW.Core.Cryptography.BouncyCastle.NETFramework.projitems*{c2994800-5807-42f7-b577-7bd9a1d9211f}*SharedItemsImports = 5
	EndGlobalSection
EndGlobal
