<Solution>
  <Folder Name="/docs/">
    <File Path="api-client.md" />
    <File Path="api-crypto.md" />
    <File Path="api-editor.md" />
    <File Path="api-storage.md" />
    <File Path="docs/CHANGELOG.md" />
    <File Path="docs/internal-design.md" />
    <File Path="docs/resource-managing-guidelines.md" />
    <File Path="docs/TODO.md" />
    <File Path="docs/versioning.md" />
    <File Path="project-structure.md" />
  </Folder>
  <Folder Name="/GitHub Workflows/">
    <File Path=".github/dependabot.yml" />
    <File Path=".github/workflows/build.yml" />
    <File Path=".github/workflows/release.yml" />
  </Folder>
  <Folder Name="/Solution Items/">
    <File Path=".editorconfig" />
    <File Path="Directory.build.props" />
    <File Path="Directory.build.targets" />
    <File Path="README.md" />
    <File Path="Version.props" />
  </Folder>
  <Project Path="cli/MKW.CommandLine.Tests/MKW.CommandLine.Tests.csproj" />
  <Project Path="core/MKW.Core.Client/MKW.Core.Client.csproj" />
  <Project Path="core/MKW.Core/MKW.Core.csproj" />
  <Project Path="common/MKW.Common.NETFramework/MKW.Common.NETFramework.shproj" />
  <Project Path="common/MKW.Common.Tests/MKW.Common.Tests.csproj" />
  <Project Path="common/MKW.Common/MKW.Common.csproj" />
  <Project Path="crypto/MKW.Cryptography.BouncyCastle.NETFramework/MKW.Cryptography.BouncyCastle.NETFramework.shproj" />
  <Project Path="crypto/MKW.Cryptography.BouncyCastle/MKW.Cryptography.BouncyCastle.csproj" />
  <Project Path="crypto/MKW.Cryptography.Loader/MKW.Cryptography.Loader.csproj" />
  <Project Path="crypto/MKW.Cryptography.System/MKW.Cryptography.System.csproj" />
  <Project Path="crypto/MKW.Cryptography.Tests/MKW.Cryptography.Tests.csproj" />
  <Project Path="crypto/MKW.Cryptography/MKW.Cryptography.csproj" />
  <Project Path="core/MKW.Core.Editor.Tests/MKW.Core.Editor.Tests.csproj" />
  <Project Path="core/MKW.Core.Editor/MKW.Core.Editor.csproj" />
  <Project Path="storage/MKW.Core.Storage.JSON/MKW.Core.Storage.JSON.csproj" />
  <Project Path="storage/MKW.Core.Storage/MKW.Core.Storage.csproj" />
  <Project Path="gui/MKW.GUI.Images/MKW.GUI.Images.csproj" />
  <Project Path="gui/MKW.GUI.Tests/MKW.GUI.Tests.csproj" />
  <Project Path="gui/MKW.GUI/MKW.GUI.csproj" />
  <Project Path="common/MKW.Testing.Client/MKW.Testing.Client.csproj" />
  <Project Path="common/MKW.Testing.Common/MKW.Testing.Common.csproj" />
  <Project Path="core/MKW.Tests/MKW.Tests.csproj" />
  <Project Path="cli/MKW/MKW.csproj" />
</Solution>
